
Microsoft Visual Studio Solution File, Format Version 12.00
# Visual Studio 15
VisualStudioVersion = 15.0.27130.2024
MinimumVisualStudioVersion = 10.0.40219.1
Project("{FAE04EC0-301F-11D3-BF4B-00C04F79EFBC}") = "DXWebApp", "DXWebApp\DXWebApp.csproj", "{B5E544A5-7C5E-417C-AB80-BED788BA3AAF}"
EndProject
Global
	GlobalSection(SolutionConfigurationPlatforms) = preSolution
		Debug|Any CPU = Debug|Any CPU
		Release|Any CPU = Release|Any CPU
	EndGlobalSection
	GlobalSection(ProjectConfigurationPlatforms) = postSolution
		{B5E544A5-7C5E-417C-AB80-BED788BA3AAF}.Debug|Any CPU.ActiveCfg = Debug|Any CPU
		{B5E544A5-7C5E-417C-AB80-BED788BA3AAF}.Debug|Any CPU.Build.0 = Debug|Any CPU
		{B5E544A5-7C5E-417C-AB80-BED788BA3AAF}.Release|Any CPU.ActiveCfg = Release|Any CPU
		{B5E544A5-7C5E-417C-AB80-BED788BA3AAF}.Release|Any CPU.Build.0 = Release|Any CPU
	EndGlobalSection
	GlobalSection(SolutionProperties) = preSolution
		HideSolutionNode = FALSE
	EndGlobalSection
	GlobalSection(ExtensibilityGlobals) = postSolution
		SolutionGuid = {0EC4C61D-2E6F-4086-9B6B-44121892CE15}
	EndGlobalSection
EndGlobal
